
Microsoft Visual Studio Solution File, Format Version 12.00
# Visual Studio Version 17
VisualStudioVersion = 17.0.31903.59
MinimumVisualStudioVersion = 10.0.40219.1
Project("{FAE04EC0-301F-11D3-BF4B-00C04F79EFBC}") = "PigeonPost.Tun", "src\PigeonPost.Tun\PigeonPost.Tun.csproj", "{d03f807b-f1b8-4e1e-82a8-48e8e862638a}"
EndProject
Project("{FAE04EC0-301F-11D3-BF4B-00C04F79EFBC}") = "PigeonPost", "src\PigeonPost\PigeonPost.csproj", "{7d729b41-518d-4987-8fe7-643bf722d2d5}"
EndProject
Project("{FAE04EC0-301F-11D3-BF4B-00C04F79EFBC}") = "PigeonPost.Tun.Tests", "tests\PigeonPost.Tun.Tests\PigeonPost.Tun.Tests.csproj", "{b2cdfe19-d506-4f73-94b2-45323270b6f4}"
EndProject
Project("{FAE04EC0-301F-11D3-BF4B-00C04F79EFBC}") = "PigeonPost.Bridge.Tests", "tests\PigeonPost.Bridge.Tests\PigeonPost.Bridge.Tests.csproj", "{03672548-db1a-4540-a7e9-9830ac117191}"
EndProject
Project("{FAE04EC0-301F-11D3-BF4B-00C04F79EFBC}") = "PigeonPost.Tests", "tests\PigeonPost.Tests\PigeonPost.Tests.csproj", "{85f6ee5d-12fc-4101-a6f1-234cf24479e8}"
EndProject
Project("{2150E333-8FDC-42A3-9474-1A3956D46DE8}") = "Tests", "Tests", "{28d8cd1f-7905-43b4-9f37-8bce506ecbf7}"
EndProject
Project("{FAE04EC0-301F-11D3-BF4B-00C04F79EFBC}") = "PigeonPost.Tun.Virtual", "src\PigeonPost.Tun.Virtual\PigeonPost.Tun.Virtual.csproj", "{c8340472-2536-4603-b7f0-0f18d38dd443}"
EndProject
Project("{FAE04EC0-301F-11D3-BF4B-00C04F79EFBC}") = "PigeonPost.Bridge", "src\PigeonPost.Bridge\PigeonPost.Bridge.csproj", "{825cc8bf-55f7-4e0e-9ee9-708d4049fa84}"
EndProject
Project("{FAE04EC0-301F-11D3-BF4B-00C04F79EFBC}") = "PigeonPost.Vpn", "src\PigeonPost.Vpn\PigeonPost.Vpn.csproj", "{B89490A6-1778-415C-AF6C-1C13B52CBE58}"
EndProject
Project("{FAE04EC0-301F-11D3-BF4B-00C04F79EFBC}") = "PigeonPost.VpnClientView", "src\PigeonPost.VpnClientView\PigeonPost.VpnClientView.csproj", "{6030379B-A9B2-4839-8DAD-58A6784BEC28}"
EndProject
Project("{FAE04EC0-301F-11D3-BF4B-00C04F79EFBC}") = "PigeonPost.VpnClientView.Desktop", "src\PigeonPost.VpnClientView.Desktop\PigeonPost.VpnClientView.Desktop.csproj", "{5AC3FD43-234B-4E5C-A365-5879D12D66B6}"
EndProject
Project("{FAE04EC0-301F-11D3-BF4B-00C04F79EFBC}") = "PigeonPost.VpnClientView.Android", "src\PigeonPost.VpnClientView.Android\PigeonPost.VpnClientView.Android.csproj", "{347C99E2-8CCE-46BA-B21B-3CC4711B627F}"
EndProject
Project("{FAE04EC0-301F-11D3-BF4B-00C04F79EFBC}") = "PigeonPost.Vpn.Tests", "tests\PigeonPost.Vpn.Tests\PigeonPost.Vpn.Tests.csproj", "{B7FE02F3-285C-4C92-9F27-DE58F7AFD03E}"
EndProject
Project("{FAE04EC0-301F-11D3-BF4B-00C04F79EFBC}") = "PigeonPost.VpnClientView.Tests", "tests\PigeonPost.VpnClientView.Tests\PigeonPost.VpnClientView.Tests.csproj", "{963F1FFF-10E3-46F4-BEA0-797EBD98C9B8}"
EndProject
Global
	GlobalSection(SolutionConfigurationPlatforms) = preSolution
		Debug|Any CPU = Debug|Any CPU
		Debug|x64 = Debug|x64
		Debug|x86 = Debug|x86
		Release|Any CPU = Release|Any CPU
		Release|x64 = Release|x64
		Release|x86 = Release|x86
	EndGlobalSection
	GlobalSection(ProjectConfigurationPlatforms) = postSolution
		{d03f807b-f1b8-4e1e-82a8-48e8e862638a}.Debug|Any CPU.ActiveCfg = Debug|Any CPU
		{d03f807b-f1b8-4e1e-82a8-48e8e862638a}.Debug|Any CPU.Build.0 = Debug|Any CPU
		{d03f807b-f1b8-4e1e-82a8-48e8e862638a}.Debug|x64.ActiveCfg = Debug|Any CPU
		{d03f807b-f1b8-4e1e-82a8-48e8e862638a}.Debug|x64.Build.0 = Debug|Any CPU
		{d03f807b-f1b8-4e1e-82a8-48e8e862638a}.Debug|x86.ActiveCfg = Debug|Any CPU
		{d03f807b-f1b8-4e1e-82a8-48e8e862638a}.Debug|x86.Build.0 = Debug|Any CPU
		{d03f807b-f1b8-4e1e-82a8-48e8e862638a}.Release|Any CPU.ActiveCfg = Release|Any CPU
		{d03f807b-f1b8-4e1e-82a8-48e8e862638a}.Release|Any CPU.Build.0 = Release|Any CPU
		{d03f807b-f1b8-4e1e-82a8-48e8e862638a}.Release|x64.ActiveCfg = Release|Any CPU
		{d03f807b-f1b8-4e1e-82a8-48e8e862638a}.Release|x64.Build.0 = Release|Any CPU
		{d03f807b-f1b8-4e1e-82a8-48e8e862638a}.Release|x86.ActiveCfg = Release|Any CPU
		{d03f807b-f1b8-4e1e-82a8-48e8e862638a}.Release|x86.Build.0 = Release|Any CPU
		{7d729b41-518d-4987-8fe7-643bf722d2d5}.Debug|Any CPU.ActiveCfg = Debug|Any CPU
		{7d729b41-518d-4987-8fe7-643bf722d2d5}.Debug|Any CPU.Build.0 = Debug|Any CPU
		{7d729b41-518d-4987-8fe7-643bf722d2d5}.Debug|x64.ActiveCfg = Debug|Any CPU
		{7d729b41-518d-4987-8fe7-643bf722d2d5}.Debug|x64.Build.0 = Debug|Any CPU
		{7d729b41-518d-4987-8fe7-643bf722d2d5}.Debug|x86.ActiveCfg = Debug|Any CPU
		{7d729b41-518d-4987-8fe7-643bf722d2d5}.Debug|x86.Build.0 = Debug|Any CPU
		{7d729b41-518d-4987-8fe7-643bf722d2d5}.Release|Any CPU.ActiveCfg = Release|Any CPU
		{7d729b41-518d-4987-8fe7-643bf722d2d5}.Release|Any CPU.Build.0 = Release|Any CPU
		{7d729b41-518d-4987-8fe7-643bf722d2d5}.Release|x64.ActiveCfg = Release|Any CPU
		{7d729b41-518d-4987-8fe7-643bf722d2d5}.Release|x64.Build.0 = Release|Any CPU
		{7d729b41-518d-4987-8fe7-643bf722d2d5}.Release|x86.ActiveCfg = Release|Any CPU
		{7d729b41-518d-4987-8fe7-643bf722d2d5}.Release|x86.Build.0 = Release|Any CPU
		{b2cdfe19-d506-4f73-94b2-45323270b6f4}.Debug|Any CPU.ActiveCfg = Debug|Any CPU
		{b2cdfe19-d506-4f73-94b2-45323270b6f4}.Debug|Any CPU.Build.0 = Debug|Any CPU
		{b2cdfe19-d506-4f73-94b2-45323270b6f4}.Debug|x64.ActiveCfg = Debug|Any CPU
		{b2cdfe19-d506-4f73-94b2-45323270b6f4}.Debug|x64.Build.0 = Debug|Any CPU
		{b2cdfe19-d506-4f73-94b2-45323270b6f4}.Debug|x86.ActiveCfg = Debug|Any CPU
		{b2cdfe19-d506-4f73-94b2-45323270b6f4}.Debug|x86.Build.0 = Debug|Any CPU
		{b2cdfe19-d506-4f73-94b2-45323270b6f4}.Release|Any CPU.ActiveCfg = Release|Any CPU
		{b2cdfe19-d506-4f73-94b2-45323270b6f4}.Release|Any CPU.Build.0 = Release|Any CPU
		{b2cdfe19-d506-4f73-94b2-45323270b6f4}.Release|x64.ActiveCfg = Release|Any CPU
		{b2cdfe19-d506-4f73-94b2-45323270b6f4}.Release|x64.Build.0 = Release|Any CPU
		{b2cdfe19-d506-4f73-94b2-45323270b6f4}.Release|x86.ActiveCfg = Release|Any CPU
		{b2cdfe19-d506-4f73-94b2-45323270b6f4}.Release|x86.Build.0 = Release|Any CPU
		{03672548-db1a-4540-a7e9-9830ac117191}.Debug|Any CPU.ActiveCfg = Debug|Any CPU
		{03672548-db1a-4540-a7e9-9830ac117191}.Debug|Any CPU.Build.0 = Debug|Any CPU
		{03672548-db1a-4540-a7e9-9830ac117191}.Debug|x64.ActiveCfg = Debug|Any CPU
		{03672548-db1a-4540-a7e9-9830ac117191}.Debug|x64.Build.0 = Debug|Any CPU
		{03672548-db1a-4540-a7e9-9830ac117191}.Debug|x86.ActiveCfg = Debug|Any CPU
		{03672548-db1a-4540-a7e9-9830ac117191}.Debug|x86.Build.0 = Debug|Any CPU
		{03672548-db1a-4540-a7e9-9830ac117191}.Release|Any CPU.ActiveCfg = Release|Any CPU
		{03672548-db1a-4540-a7e9-9830ac117191}.Release|Any CPU.Build.0 = Release|Any CPU
		{03672548-db1a-4540-a7e9-9830ac117191}.Release|x64.ActiveCfg = Release|Any CPU
		{03672548-db1a-4540-a7e9-9830ac117191}.Release|x64.Build.0 = Release|Any CPU
		{03672548-db1a-4540-a7e9-9830ac117191}.Release|x86.ActiveCfg = Release|Any CPU
		{03672548-db1a-4540-a7e9-9830ac117191}.Release|x86.Build.0 = Release|Any CPU
		{85f6ee5d-12fc-4101-a6f1-234cf24479e8}.Debug|Any CPU.ActiveCfg = Debug|Any CPU
		{85f6ee5d-12fc-4101-a6f1-234cf24479e8}.Debug|Any CPU.Build.0 = Debug|Any CPU
		{85f6ee5d-12fc-4101-a6f1-234cf24479e8}.Debug|x64.ActiveCfg = Debug|Any CPU
		{85f6ee5d-12fc-4101-a6f1-234cf24479e8}.Debug|x64.Build.0 = Debug|Any CPU
		{85f6ee5d-12fc-4101-a6f1-234cf24479e8}.Debug|x86.ActiveCfg = Debug|Any CPU
		{85f6ee5d-12fc-4101-a6f1-234cf24479e8}.Debug|x86.Build.0 = Debug|Any CPU
		{85f6ee5d-12fc-4101-a6f1-234cf24479e8}.Release|Any CPU.ActiveCfg = Release|Any CPU
		{85f6ee5d-12fc-4101-a6f1-234cf24479e8}.Release|Any CPU.Build.0 = Release|Any CPU
		{85f6ee5d-12fc-4101-a6f1-234cf24479e8}.Release|x64.ActiveCfg = Release|Any CPU
		{85f6ee5d-12fc-4101-a6f1-234cf24479e8}.Release|x64.Build.0 = Release|Any CPU
		{85f6ee5d-12fc-4101-a6f1-234cf24479e8}.Release|x86.ActiveCfg = Release|Any CPU
		{85f6ee5d-12fc-4101-a6f1-234cf24479e8}.Release|x86.Build.0 = Release|Any CPU
		{c8340472-2536-4603-b7f0-0f18d38dd443}.Debug|Any CPU.ActiveCfg = Debug|Any CPU
		{c8340472-2536-4603-b7f0-0f18d38dd443}.Debug|Any CPU.Build.0 = Debug|Any CPU
		{c8340472-2536-4603-b7f0-0f18d38dd443}.Debug|x64.ActiveCfg = Debug|Any CPU
		{c8340472-2536-4603-b7f0-0f18d38dd443}.Debug|x64.Build.0 = Debug|Any CPU
		{c8340472-2536-4603-b7f0-0f18d38dd443}.Debug|x86.ActiveCfg = Debug|Any CPU
		{c8340472-2536-4603-b7f0-0f18d38dd443}.Debug|x86.Build.0 = Debug|Any CPU
		{c8340472-2536-4603-b7f0-0f18d38dd443}.Release|Any CPU.ActiveCfg = Release|Any CPU
		{c8340472-2536-4603-b7f0-0f18d38dd443}.Release|Any CPU.Build.0 = Release|Any CPU
		{c8340472-2536-4603-b7f0-0f18d38dd443}.Release|x64.ActiveCfg = Release|Any CPU
		{c8340472-2536-4603-b7f0-0f18d38dd443}.Release|x64.Build.0 = Release|Any CPU
		{c8340472-2536-4603-b7f0-0f18d38dd443}.Release|x86.ActiveCfg = Release|Any CPU
		{c8340472-2536-4603-b7f0-0f18d38dd443}.Release|x86.Build.0 = Release|Any CPU
		{825cc8bf-55f7-4e0e-9ee9-708d4049fa84}.Debug|Any CPU.ActiveCfg = Debug|Any CPU
		{825cc8bf-55f7-4e0e-9ee9-708d4049fa84}.Debug|Any CPU.Build.0 = Debug|Any CPU
		{825cc8bf-55f7-4e0e-9ee9-708d4049fa84}.Debug|x64.ActiveCfg = Debug|Any CPU
		{825cc8bf-55f7-4e0e-9ee9-708d4049fa84}.Debug|x64.Build.0 = Debug|Any CPU
		{825cc8bf-55f7-4e0e-9ee9-708d4049fa84}.Debug|x86.ActiveCfg = Debug|Any CPU
		{825cc8bf-55f7-4e0e-9ee9-708d4049fa84}.Debug|x86.Build.0 = Debug|Any CPU
		{825cc8bf-55f7-4e0e-9ee9-708d4049fa84}.Release|Any CPU.ActiveCfg = Release|Any CPU
		{825cc8bf-55f7-4e0e-9ee9-708d4049fa84}.Release|Any CPU.Build.0 = Release|Any CPU
		{825cc8bf-55f7-4e0e-9ee9-708d4049fa84}.Release|x64.ActiveCfg = Release|Any CPU
		{825cc8bf-55f7-4e0e-9ee9-708d4049fa84}.Release|x64.Build.0 = Release|Any CPU
		{825cc8bf-55f7-4e0e-9ee9-708d4049fa84}.Release|x86.ActiveCfg = Release|Any CPU
		{825cc8bf-55f7-4e0e-9ee9-708d4049fa84}.Release|x86.Build.0 = Release|Any CPU
		{B89490A6-1778-415C-AF6C-1C13B52CBE58}.Debug|Any CPU.ActiveCfg = Debug|Any CPU
		{B89490A6-1778-415C-AF6C-1C13B52CBE58}.Debug|Any CPU.Build.0 = Debug|Any CPU
		{B89490A6-1778-415C-AF6C-1C13B52CBE58}.Debug|x64.ActiveCfg = Debug|Any CPU
		{B89490A6-1778-415C-AF6C-1C13B52CBE58}.Debug|x64.Build.0 = Debug|Any CPU
		{B89490A6-1778-415C-AF6C-1C13B52CBE58}.Debug|x86.ActiveCfg = Debug|Any CPU
		{B89490A6-1778-415C-AF6C-1C13B52CBE58}.Debug|x86.Build.0 = Debug|Any CPU
		{B89490A6-1778-415C-AF6C-1C13B52CBE58}.Release|Any CPU.ActiveCfg = Release|Any CPU
		{B89490A6-1778-415C-AF6C-1C13B52CBE58}.Release|Any CPU.Build.0 = Release|Any CPU
		{B89490A6-1778-415C-AF6C-1C13B52CBE58}.Release|x64.ActiveCfg = Release|Any CPU
		{B89490A6-1778-415C-AF6C-1C13B52CBE58}.Release|x64.Build.0 = Release|Any CPU
		{B89490A6-1778-415C-AF6C-1C13B52CBE58}.Release|x86.ActiveCfg = Release|Any CPU
		{B89490A6-1778-415C-AF6C-1C13B52CBE58}.Release|x86.Build.0 = Release|Any CPU
		{6030379B-A9B2-4839-8DAD-58A6784BEC28}.Debug|Any CPU.ActiveCfg = Debug|Any CPU
		{6030379B-A9B2-4839-8DAD-58A6784BEC28}.Debug|Any CPU.Build.0 = Debug|Any CPU
		{6030379B-A9B2-4839-8DAD-58A6784BEC28}.Debug|x64.ActiveCfg = Debug|Any CPU
		{6030379B-A9B2-4839-8DAD-58A6784BEC28}.Debug|x64.Build.0 = Debug|Any CPU
		{6030379B-A9B2-4839-8DAD-58A6784BEC28}.Debug|x86.ActiveCfg = Debug|Any CPU
		{6030379B-A9B2-4839-8DAD-58A6784BEC28}.Debug|x86.Build.0 = Debug|Any CPU
		{6030379B-A9B2-4839-8DAD-58A6784BEC28}.Release|Any CPU.ActiveCfg = Release|Any CPU
		{6030379B-A9B2-4839-8DAD-58A6784BEC28}.Release|Any CPU.Build.0 = Release|Any CPU
		{6030379B-A9B2-4839-8DAD-58A6784BEC28}.Release|x64.ActiveCfg = Release|Any CPU
		{6030379B-A9B2-4839-8DAD-58A6784BEC28}.Release|x64.Build.0 = Release|Any CPU
		{6030379B-A9B2-4839-8DAD-58A6784BEC28}.Release|x86.ActiveCfg = Release|Any CPU
		{6030379B-A9B2-4839-8DAD-58A6784BEC28}.Release|x86.Build.0 = Release|Any CPU
		{5AC3FD43-234B-4E5C-A365-5879D12D66B6}.Debug|Any CPU.ActiveCfg = Debug|Any CPU
		{5AC3FD43-234B-4E5C-A365-5879D12D66B6}.Debug|Any CPU.Build.0 = Debug|Any CPU
		{5AC3FD43-234B-4E5C-A365-5879D12D66B6}.Debug|x64.ActiveCfg = Debug|Any CPU
		{5AC3FD43-234B-4E5C-A365-5879D12D66B6}.Debug|x64.Build.0 = Debug|Any CPU
		{5AC3FD43-234B-4E5C-A365-5879D12D66B6}.Debug|x86.ActiveCfg = Debug|Any CPU
		{5AC3FD43-234B-4E5C-A365-5879D12D66B6}.Debug|x86.Build.0 = Debug|Any CPU
		{5AC3FD43-234B-4E5C-A365-5879D12D66B6}.Release|Any CPU.ActiveCfg = Release|Any CPU
		{5AC3FD43-234B-4E5C-A365-5879D12D66B6}.Release|Any CPU.Build.0 = Release|Any CPU
		{5AC3FD43-234B-4E5C-A365-5879D12D66B6}.Release|x64.ActiveCfg = Release|Any CPU
		{5AC3FD43-234B-4E5C-A365-5879D12D66B6}.Release|x64.Build.0 = Release|Any CPU
		{5AC3FD43-234B-4E5C-A365-5879D12D66B6}.Release|x86.ActiveCfg = Release|Any CPU
		{5AC3FD43-234B-4E5C-A365-5879D12D66B6}.Release|x86.Build.0 = Release|Any CPU
		{347C99E2-8CCE-46BA-B21B-3CC4711B627F}.Debug|Any CPU.ActiveCfg = Debug|Any CPU
		{347C99E2-8CCE-46BA-B21B-3CC4711B627F}.Debug|Any CPU.Build.0 = Debug|Any CPU
		{347C99E2-8CCE-46BA-B21B-3CC4711B627F}.Debug|x64.ActiveCfg = Debug|Any CPU
		{347C99E2-8CCE-46BA-B21B-3CC4711B627F}.Debug|x64.Build.0 = Debug|Any CPU
		{347C99E2-8CCE-46BA-B21B-3CC4711B627F}.Debug|x86.ActiveCfg = Debug|Any CPU
		{347C99E2-8CCE-46BA-B21B-3CC4711B627F}.Debug|x86.Build.0 = Debug|Any CPU
		{347C99E2-8CCE-46BA-B21B-3CC4711B627F}.Release|Any CPU.ActiveCfg = Release|Any CPU
		{347C99E2-8CCE-46BA-B21B-3CC4711B627F}.Release|Any CPU.Build.0 = Release|Any CPU
		{347C99E2-8CCE-46BA-B21B-3CC4711B627F}.Release|x64.ActiveCfg = Release|Any CPU
		{347C99E2-8CCE-46BA-B21B-3CC4711B627F}.Release|x64.Build.0 = Release|Any CPU
		{347C99E2-8CCE-46BA-B21B-3CC4711B627F}.Release|x86.ActiveCfg = Release|Any CPU
		{347C99E2-8CCE-46BA-B21B-3CC4711B627F}.Release|x86.Build.0 = Release|Any CPU
		{B7FE02F3-285C-4C92-9F27-DE58F7AFD03E}.Debug|Any CPU.ActiveCfg = Debug|Any CPU
		{B7FE02F3-285C-4C92-9F27-DE58F7AFD03E}.Debug|Any CPU.Build.0 = Debug|Any CPU
		{B7FE02F3-285C-4C92-9F27-DE58F7AFD03E}.Debug|x64.ActiveCfg = Debug|Any CPU
		{B7FE02F3-285C-4C92-9F27-DE58F7AFD03E}.Debug|x64.Build.0 = Debug|Any CPU
		{B7FE02F3-285C-4C92-9F27-DE58F7AFD03E}.Debug|x86.ActiveCfg = Debug|Any CPU
		{B7FE02F3-285C-4C92-9F27-DE58F7AFD03E}.Debug|x86.Build.0 = Debug|Any CPU
		{B7FE02F3-285C-4C92-9F27-DE58F7AFD03E}.Release|Any CPU.ActiveCfg = Release|Any CPU
		{B7FE02F3-285C-4C92-9F27-DE58F7AFD03E}.Release|Any CPU.Build.0 = Release|Any CPU
		{B7FE02F3-285C-4C92-9F27-DE58F7AFD03E}.Release|x64.ActiveCfg = Release|Any CPU
		{B7FE02F3-285C-4C92-9F27-DE58F7AFD03E}.Release|x64.Build.0 = Release|Any CPU
		{B7FE02F3-285C-4C92-9F27-DE58F7AFD03E}.Release|x86.ActiveCfg = Release|Any CPU
		{B7FE02F3-285C-4C92-9F27-DE58F7AFD03E}.Release|x86.Build.0 = Release|Any CPU
		{963F1FFF-10E3-46F4-BEA0-797EBD98C9B8}.Debug|Any CPU.ActiveCfg = Debug|Any CPU
		{963F1FFF-10E3-46F4-BEA0-797EBD98C9B8}.Debug|Any CPU.Build.0 = Debug|Any CPU
		{963F1FFF-10E3-46F4-BEA0-797EBD98C9B8}.Debug|x64.ActiveCfg = Debug|Any CPU
		{963F1FFF-10E3-46F4-BEA0-797EBD98C9B8}.Debug|x64.Build.0 = Debug|Any CPU
		{963F1FFF-10E3-46F4-BEA0-797EBD98C9B8}.Debug|x86.ActiveCfg = Debug|Any CPU
		{963F1FFF-10E3-46F4-BEA0-797EBD98C9B8}.Debug|x86.Build.0 = Debug|Any CPU
		{963F1FFF-10E3-46F4-BEA0-797EBD98C9B8}.Release|Any CPU.ActiveCfg = Release|Any CPU
		{963F1FFF-10E3-46F4-BEA0-797EBD98C9B8}.Release|Any CPU.Build.0 = Release|Any CPU
		{963F1FFF-10E3-46F4-BEA0-797EBD98C9B8}.Release|x64.ActiveCfg = Release|Any CPU
		{963F1FFF-10E3-46F4-BEA0-797EBD98C9B8}.Release|x64.Build.0 = Release|Any CPU
		{963F1FFF-10E3-46F4-BEA0-797EBD98C9B8}.Release|x86.ActiveCfg = Release|Any CPU
		{963F1FFF-10E3-46F4-BEA0-797EBD98C9B8}.Release|x86.Build.0 = Release|Any CPU
	EndGlobalSection
	GlobalSection(SolutionProperties) = preSolution
		HideSolutionNode = FALSE
	EndGlobalSection
	GlobalSection(NestedProjects) = preSolution
		{b2cdfe19-d506-4f73-94b2-45323270b6f4} = {28d8cd1f-7905-43b4-9f37-8bce506ecbf7}
		{03672548-db1a-4540-a7e9-9830ac117191} = {28d8cd1f-7905-43b4-9f37-8bce506ecbf7}
		{85f6ee5d-12fc-4101-a6f1-234cf24479e8} = {28d8cd1f-7905-43b4-9f37-8bce506ecbf7}
		{B7FE02F3-285C-4C92-9F27-DE58F7AFD03E} = {28d8cd1f-7905-43b4-9f37-8bce506ecbf7}
		{963F1FFF-10E3-46F4-BEA0-797EBD98C9B8} = {28d8cd1f-7905-43b4-9f37-8bce506ecbf7}
	EndGlobalSection
EndGlobal
